
Microsoft Visual Studio Solution File, Format Version 12.00
# Visual Studio Version 16
VisualStudioVersion = 16.0.30717.126
MinimumVisualStudioVersion = 10.0.40219.1
Project("{FAE04EC0-301F-11D3-BF4B-00C04F79EFBC}") = "ToDoApi", "ToDoApi\ToDoApi.csproj", "{959A02F2-9E81-4F3B-82D1-7E4B71B7D7E1}"
EndProject
Global
	GlobalSection(SolutionConfigurationPlatforms) = preSolution
		Debug|Any CPU = Debug|Any CPU
		Release|Any CPU = Release|Any CPU
	EndGlobalSection
	GlobalSection(ProjectConfigurationPlatforms) = postSolution
		{959A02F2-9E81-4F3B-82D1-7E4B71B7D7E1}.Debug|Any CPU.ActiveCfg = Debug|Any CPU
		{959A02F2-9E81-4F3B-82D1-7E4B71B7D7E1}.Debug|Any CPU.Build.0 = Debug|Any CPU
		{959A02F2-9E81-4F3B-82D1-7E4B71B7D7E1}.Release|Any CPU.ActiveCfg = Release|Any CPU
		{959A02F2-9E81-4F3B-82D1-7E4B71B7D7E1}.Release|Any CPU.Build.0 = Release|Any CPU
	EndGlobalSection
	GlobalSection(SolutionProperties) = preSolution
		HideSolutionNode = FALSE
	EndGlobalSection
	GlobalSection(ExtensibilityGlobals) = postSolution
		SolutionGuid = {A67C9DD7-9462-4654-831B-0F907A2259C3}
	EndGlobalSection
EndGlobal
